
Microsoft Visual Studio Solution File, Format Version 11.00
# Visual Studio 2010
Project("{FAE04EC0-301F-11D3-BF4B-00C04F79EFBC}") = "Assembly-CSharp", "Assembly-CSharp.csproj", "{508606AA-48CD-0FBE-14AE-A9C34669E5DC}"
EndProject
Project("{FAE04EC0-301F-11D3-BF4B-00C04F79EFBC}") = "Assembly-CSharp-firstpass", "Assembly-CSharp-firstpass.csproj", "{BA06DA8F-176C-5517-45DC-229C693C0CE2}"
EndProject
Project("{FAE04EC0-301F-11D3-BF4B-00C04F79EFBC}") = "Assembly-CSharp-Editor-firstpass", "Assembly-CSharp-Editor-firstpass.csproj", "{7978EA6D-9080-294F-86B1-717821235A6E}"
EndProject
Global
	GlobalSection(SolutionConfigurationPlatforms) = preSolution
		Debug|Any CPU = Debug|Any CPU
		Release|Any CPU = Release|Any CPU
	EndGlobalSection
	GlobalSection(ProjectConfigurationPlatforms) = postSolution
		{508606AA-48CD-0FBE-14AE-A9C34669E5DC}.Debug|Any CPU.ActiveCfg = Debug|Any CPU
		{508606AA-48CD-0FBE-14AE-A9C34669E5DC}.Debug|Any CPU.Build.0 = Debug|Any CPU
		{508606AA-48CD-0FBE-14AE-A9C34669E5DC}.Release|Any CPU.ActiveCfg = Release|Any CPU
		{508606AA-48CD-0FBE-14AE-A9C34669E5DC}.Release|Any CPU.Build.0 = Release|Any CPU
		{BA06DA8F-176C-5517-45DC-229C693C0CE2}.Debug|Any CPU.ActiveCfg = Debug|Any CPU
		{BA06DA8F-176C-5517-45DC-229C693C0CE2}.Debug|Any CPU.Build.0 = Debug|Any CPU
		{BA06DA8F-176C-5517-45DC-229C693C0CE2}.Release|Any CPU.ActiveCfg = Release|Any CPU
		{BA06DA8F-176C-5517-45DC-229C693C0CE2}.Release|Any CPU.Build.0 = Release|Any CPU
		{7978EA6D-9080-294F-86B1-717821235A6E}.Debug|Any CPU.ActiveCfg = Debug|Any CPU
		{7978EA6D-9080-294F-86B1-717821235A6E}.Debug|Any CPU.Build.0 = Debug|Any CPU
		{7978EA6D-9080-294F-86B1-717821235A6E}.Release|Any CPU.ActiveCfg = Release|Any CPU
		{7978EA6D-9080-294F-86B1-717821235A6E}.Release|Any CPU.Build.0 = Release|Any CPU
	EndGlobalSection
	GlobalSection(SolutionProperties) = preSolution
		HideSolutionNode = FALSE
	EndGlobalSection
EndGlobal
